# @generated by Move, please check-in and do not edit manually.

[move]
version = 3
manifest_digest = "D9A919CF62B2CD6FB9B8996206D9A2CB6F72BE177761520FC4D46FCD3BDA6718"
deps_digest = "F8BBB0CCB2491CA29A3DF03D6F92277A4F3574266507ACD77214D37ECA3F3082"
dependencies = [
  { id = "Sui", name = "Sui" },
]

[[move.package]]
id = "MoveStdlib"
source = { git = "https://github.com/MystenLabs/sui.git", rev = "framework/testnet", subdir = "crates/sui-framework/packages/move-stdlib" }

[[move.package]]
id = "Sui"
source = { git = "https://github.com/MystenLabs/sui.git", rev = "framework/testnet", subdir = "crates/sui-framework/packages/sui-framework" }

dependencies = [
  { id = "MoveStdlib", name = "MoveStdlib" },
]

[move.toolchain-version]
compiler-version = "1.39.3"
edition = "2024"
flavor = "sui"

[env]

[env.testnet]
chain-id = "4c78adac"
original-published-id = "0xecc39d1e6c9b376a809d9f9035049a9d3410ded1301799d67887153ee6114220"
latest-published-id = "0xecc39d1e6c9b376a809d9f9035049a9d3410ded1301799d67887153ee6114220"
published-version = "1"
